
Microsoft Visual Studio Solution File, Format Version 12.00
# Visual Studio 15
VisualStudioVersion = 15.0.28010.2048
MinimumVisualStudioVersion = 10.0.40219.1
Project("{FAE04EC0-301F-11D3-BF4B-00C04F79EFBC}") = "007-Property", "007-Property\007-Property.csproj", "{B6BD9EBC-6ECE-4FAD-ACA1-DBADC2DB46C5}"
EndProject
Global
	GlobalSection(SolutionConfigurationPlatforms) = preSolution
		Debug|Any CPU = Debug|Any CPU
		Release|Any CPU = Release|Any CPU
	EndGlobalSection
	GlobalSection(ProjectConfigurationPlatforms) = postSolution
		{B6BD9EBC-6ECE-4FAD-ACA1-DBADC2DB46C5}.Debug|Any CPU.ActiveCfg = Debug|Any CPU
		{B6BD9EBC-6ECE-4FAD-ACA1-DBADC2DB46C5}.Debug|Any CPU.Build.0 = Debug|Any CPU
		{B6BD9EBC-6ECE-4FAD-ACA1-DBADC2DB46C5}.Release|Any CPU.ActiveCfg = Release|Any CPU
		{B6BD9EBC-6ECE-4FAD-ACA1-DBADC2DB46C5}.Release|Any CPU.Build.0 = Release|Any CPU
	EndGlobalSection
	GlobalSection(SolutionProperties) = preSolution
		HideSolutionNode = FALSE
	EndGlobalSection
	GlobalSection(ExtensibilityGlobals) = postSolution
		SolutionGuid = {C10A93BB-F429-4095-AADB-CF7A46CF2869}
	EndGlobalSection
EndGlobal
