
Microsoft Visual Studio Solution File, Format Version 12.00
# Visual Studio 15
VisualStudioVersion = 15.0.28010.2048
MinimumVisualStudioVersion = 10.0.40219.1
Project("{FAE04EC0-301F-11D3-BF4B-00C04F79EFBC}") = "001-HelloWorld", "001-HelloWorld\001-HelloWorld.csproj", "{1A8B822F-8348-4D2C-9146-1C5297B91749}"
EndProject
Global
	GlobalSection(SolutionConfigurationPlatforms) = preSolution
		Debug|Any CPU = Debug|Any CPU
		Release|Any CPU = Release|Any CPU
	EndGlobalSection
	GlobalSection(ProjectConfigurationPlatforms) = postSolution
		{1A8B822F-8348-4D2C-9146-1C5297B91749}.Debug|Any CPU.ActiveCfg = Debug|Any CPU
		{1A8B822F-8348-4D2C-9146-1C5297B91749}.Debug|Any CPU.Build.0 = Debug|Any CPU
		{1A8B822F-8348-4D2C-9146-1C5297B91749}.Release|Any CPU.ActiveCfg = Release|Any CPU
		{1A8B822F-8348-4D2C-9146-1C5297B91749}.Release|Any CPU.Build.0 = Release|Any CPU
	EndGlobalSection
	GlobalSection(SolutionProperties) = preSolution
		HideSolutionNode = FALSE
	EndGlobalSection
	GlobalSection(ExtensibilityGlobals) = postSolution
		SolutionGuid = {298D5EC8-D76A-411B-80EE-8A27534BD4E0}
	EndGlobalSection
EndGlobal
