
Microsoft Visual Studio Solution File, Format Version 12.00
# Visual Studio 15
VisualStudioVersion = 15.0.28010.2048
MinimumVisualStudioVersion = 10.0.40219.1
Project("{FAE04EC0-301F-11D3-BF4B-00C04F79EFBC}") = "002-ValeuTypes", "002-ValeuTypes\002-ValeuTypes.csproj", "{A368B1B9-1697-4484-8854-3494AEBA626F}"
EndProject
Global
	GlobalSection(SolutionConfigurationPlatforms) = preSolution
		Debug|Any CPU = Debug|Any CPU
		Release|Any CPU = Release|Any CPU
	EndGlobalSection
	GlobalSection(ProjectConfigurationPlatforms) = postSolution
		{A368B1B9-1697-4484-8854-3494AEBA626F}.Debug|Any CPU.ActiveCfg = Debug|Any CPU
		{A368B1B9-1697-4484-8854-3494AEBA626F}.Debug|Any CPU.Build.0 = Debug|Any CPU
		{A368B1B9-1697-4484-8854-3494AEBA626F}.Release|Any CPU.ActiveCfg = Release|Any CPU
		{A368B1B9-1697-4484-8854-3494AEBA626F}.Release|Any CPU.Build.0 = Release|Any CPU
	EndGlobalSection
	GlobalSection(SolutionProperties) = preSolution
		HideSolutionNode = FALSE
	EndGlobalSection
	GlobalSection(ExtensibilityGlobals) = postSolution
		SolutionGuid = {46C55FB9-6FF0-466D-9C38-A7FB2EEDE17C}
	EndGlobalSection
EndGlobal
